
Microsoft Visual Studio Solution File, Format Version 12.00
# Visual Studio 2013
VisualStudioVersion = 12.0.31101.0
MinimumVisualStudioVersion = 10.0.40219.1
Project("{FAE04EC0-301F-11D3-BF4B-00C04F79EFBC}") = "MarcelJoachimKloubert.AppServer", "MarcelJoachimKloubert.AppServer\MarcelJoachimKloubert.AppServer.csproj", "{F7216B0D-3A58-4378-8854-0D7D1361D83C}"
EndProject
Project("{FAE04EC0-301F-11D3-BF4B-00C04F79EFBC}") = "MarcelJoachimKloubert.AppServer.SDK", "MarcelJoachimKloubert.AppServer.SDK\MarcelJoachimKloubert.AppServer.SDK.csproj", "{E4EAE491-481E-422C-80F7-9376E99BE663}"
EndProject
Project("{2150E333-8FDC-42A3-9474-1A3956D46DE8}") = "Hosts", "Hosts", "{68D6BA3C-D558-4531-8CCC-F77354362518}"
EndProject
Project("{F2A71F9B-5D33-465A-A702-920D77279786}") = "MarcelJoachimKloubert.AppServer.TestHost", "MarcelJoachimKloubert.AppServer.TestHost\MarcelJoachimKloubert.AppServer.TestHost.fsproj", "{932CBF81-381F-4E3B-9B80-A45392D4B898}"
EndProject
Global
	GlobalSection(SolutionConfigurationPlatforms) = preSolution
		Debug|Any CPU = Debug|Any CPU
		Release|Any CPU = Release|Any CPU
	EndGlobalSection
	GlobalSection(ProjectConfigurationPlatforms) = postSolution
		{F7216B0D-3A58-4378-8854-0D7D1361D83C}.Debug|Any CPU.ActiveCfg = Debug|Any CPU
		{F7216B0D-3A58-4378-8854-0D7D1361D83C}.Debug|Any CPU.Build.0 = Debug|Any CPU
		{F7216B0D-3A58-4378-8854-0D7D1361D83C}.Release|Any CPU.ActiveCfg = Release|Any CPU
		{F7216B0D-3A58-4378-8854-0D7D1361D83C}.Release|Any CPU.Build.0 = Release|Any CPU
		{E4EAE491-481E-422C-80F7-9376E99BE663}.Debug|Any CPU.ActiveCfg = Debug|Any CPU
		{E4EAE491-481E-422C-80F7-9376E99BE663}.Debug|Any CPU.Build.0 = Debug|Any CPU
		{E4EAE491-481E-422C-80F7-9376E99BE663}.Release|Any CPU.ActiveCfg = Release|Any CPU
		{E4EAE491-481E-422C-80F7-9376E99BE663}.Release|Any CPU.Build.0 = Release|Any CPU
		{932CBF81-381F-4E3B-9B80-A45392D4B898}.Debug|Any CPU.ActiveCfg = Debug|Any CPU
		{932CBF81-381F-4E3B-9B80-A45392D4B898}.Debug|Any CPU.Build.0 = Debug|Any CPU
		{932CBF81-381F-4E3B-9B80-A45392D4B898}.Release|Any CPU.ActiveCfg = Release|Any CPU
		{932CBF81-381F-4E3B-9B80-A45392D4B898}.Release|Any CPU.Build.0 = Release|Any CPU
	EndGlobalSection
	GlobalSection(SolutionProperties) = preSolution
		HideSolutionNode = FALSE
	EndGlobalSection
	GlobalSection(NestedProjects) = preSolution
		{932CBF81-381F-4E3B-9B80-A45392D4B898} = {68D6BA3C-D558-4531-8CCC-F77354362518}
	EndGlobalSection
EndGlobal
